// !$*UTF8*$!
{
	archiveVersion = 1;
	classes = {
	};
	objectVersion = 46;
	objects = {

/* Begin PBXBuildFile section */
		85824C541CACD0070073D41E /* main.m in Sources */ = {isa = PBXBuildFile; fileRef = 85824C531CACD0070073D41E /* main.m */; };
		85824C571CACD0070073D41E /* AppDelegate.m in Sources */ = {isa = PBXBuildFile; fileRef = 85824C561CACD0070073D41E /* AppDelegate.m */; };
		85824C5A1CACD0070073D41E /* ViewController.m in Sources */ = {isa = PBXBuildFile; fileRef = 85824C591CACD0070073D41E /* ViewController.m */; };
		85824C5D1CACD0070073D41E /* Main.storyboard in Resources */ = {isa = PBXBuildFile; fileRef = 85824C5B1CACD0070073D41E /* Main.storyboard */; };
		85824C5F1CACD0070073D41E /* Assets.xcassets in Resources */ = {isa = PBXBuildFile; fileRef = 85824C5E1CACD0070073D41E /* Assets.xcassets */; };
		85824C621CACD0070073D41E /* LaunchScreen.storyboard in Resources */ = {isa = PBXBuildFile; fileRef = 85824C601CACD0070073D41E /* LaunchScreen.storyboard */; };
		85824C6D1CACD0070073D41E /* OLTableViewTests.m in Sources */ = {isa = PBXBuildFile; fileRef = 85824C6C1CACD0070073D41E /* OLTableViewTests.m */; };
		85824C781CACD0070073D41E /* OLTableViewUITests.m in Sources */ = {isa = PBXBuildFile; fileRef = 85824C771CACD0070073D41E /* OLTableViewUITests.m */; };
/* End PBXBuildFile section */

/* Begin PBXContainerItemProxy section */
		85824C691CACD0070073D41E /* PBXContainerItemProxy */ = {
			isa = PBXContainerItemProxy;
			containerPortal = 85824C471CACD0070073D41E /* Project object */;
			proxyType = 1;
			remoteGlobalIDString = 85824C4E1CACD0070073D41E;
			remoteInfo = OLTableView;
		};
		85824C741CACD0070073D41E /* PBXContainerItemProxy */ = {
			isa = PBXContainerItemProxy;
			containerPortal = 85824C471CACD0070073D41E /* Project object */;
			proxyType = 1;
			remoteGlobalIDString = 85824C4E1CACD0070073D41E;
			remoteInfo = OLTableView;
		};
/* End PBXContainerItemProxy section */

/* Begin PBXFileReference section */
		85824C4F1CACD0070073D41E /* OLTableView.app */ = {isa = PBXFileReference; explicitFileType = wrapper.application; includeInIndex = 0; path = OLTableView.app; sourceTree = BUILT_PRODUCTS_DIR; };
		85824C531CACD0070073D41E /* main.m */ = {isa = PBXFileReference; lastKnownFileType = sourcecode.c.objc; path = main.m; sourceTree = "<group>"; };
		85824C551CACD0070073D41E /* AppDelegate.h */ = {isa = PBXFileReference; lastKnownFileType = sourcecode.c.h; path = AppDelegate.h; sourceTree = "<group>"; };
		85824C561CACD0070073D41E /* AppDelegate.m */ = {isa = PBXFileReference; lastKnownFileType = sourcecode.c.objc; path = AppDelegate.m; sourceTree = "<group>"; };
		85824C581CACD0070073D41E /* ViewController.h */ = {isa = PBXFileReference; lastKnownFileType = sourcecode.c.h; path = ViewController.h; sourceTree = "<group>"; };
		85824C591CACD0070073D41E /* ViewController.m */ = {isa = PBXFileReference; lastKnownFileType = sourcecode.c.objc; path = ViewController.m; sourceTree = "<group>"; };
		85824C5C1CACD0070073D41E /* Base */ = {isa = PBXFileReference; lastKnownFileType = file.storyboard; name = Base; path = Base.lproj/Main.storyboard; sourceTree = "<group>"; };
		85824C5E1CACD0070073D41E /* Assets.xcassets */ = {isa = PBXFileReference; lastKnownFileType = folder.assetcatalog; path = Assets.xcassets; sourceTree = "<group>"; };
		85824C611CACD0070073D41E /* Base */ = {isa = PBXFileReference; lastKnownFileType = file.storyboard; name = Base; path = Base.lproj/LaunchScreen.storyboard; sourceTree = "<group>"; };
		85824C631CACD0070073D41E /* Info.plist */ = {isa = PBXFileReference; lastKnownFileType = text.plist.xml; path = Info.plist; sourceTree = "<group>"; };
		85824C681CACD0070073D41E /* OLTableViewTests.xctest */ = {isa = PBXFileReference; explicitFileType = wrapper.cfbundle; includeInIndex = 0; path = OLTableViewTests.xctest; sourceTree = BUILT_PRODUCTS_DIR; };
		85824C6C1CACD0070073D41E /* OLTableViewTests.m */ = {isa = PBXFileReference; lastKnownFileType = sourcecode.c.objc; path = OLTableViewTests.m; sourceTree = "<group>"; };
		85824C6E1CACD0070073D41E /* Info.plist */ = {isa = PBXFileReference; lastKnownFileType = text.plist.xml; path = Info.plist; sourceTree = "<group>"; };
		85824C731CACD0070073D41E /* OLTableViewUITests.xctest */ = {isa = PBXFileReference; explicitFileType = wrapper.cfbundle; includeInIndex = 0; path = OLTableViewUITests.xctest; sourceTree = BUILT_PRODUCTS_DIR; };
		85824C771CACD0070073D41E /* OLTableViewUITests.m */ = {isa = PBXFileReference; lastKnownFileType = sourcecode.c.objc; path = OLTableViewUITests.m; sourceTree = "<group>"; };
		85824C791CACD0070073D41E /* Info.plist */ = {isa = PBXFileReference; lastKnownFileType = text.plist.xml; path = Info.plist; sourceTree = "<group>"; };
/* End PBXFileReference section */

/* Begin PBXFrameworksBuildPhase section */
		85824C4C1CACD0070073D41E /* Frameworks */ = {
			isa = PBXFrameworksBuildPhase;
			buildActionMask = 2147483647;
			files = (
			);
			runOnlyForDeploymentPostprocessing = 0;
		};
		85824C651CACD0070073D41E /* Frameworks */ = {
			isa = PBXFrameworksBuildPhase;
			buildActionMask = 2147483647;
			files = (
			);
			runOnlyForDeploymentPostprocessing = 0;
		};
		85824C701CACD0070073D41E /* Frameworks */ = {
			isa = PBXFrameworksBuildPhase;
			buildActionMask = 2147483647;
			files = (
			);
			runOnlyForDeploymentPostprocessing = 0;
		};
/* End PBXFrameworksBuildPhase section */

/* Begin PBXGroup section */
		85824C461CACD0070073D41E = {
			isa = PBXGroup;
			children = (
				85824C511CACD0070073D41E /* OLTableView */,
				85824C6B1CACD0070073D41E /* OLTableViewTests */,
				85824C761CACD0070073D41E /* OLTableViewUITests */,
				85824C501CACD0070073D41E /* Products */,
			);
			sourceTree = "<group>";
		};
		85824C501CACD0070073D41E /* Products */ = {
			isa = PBXGroup;
			children = (
				85824C4F1CACD0070073D41E /* OLTableView.app */,
				85824C681CACD0070073D41E /* OLTableViewTests.xctest */,
				85824C731CACD0070073D41E /* OLTableViewUITests.xctest */,
			);
			name = Products;
			sourceTree = "<group>";
		};
		85824C511CACD0070073D41E /* OLTableView */ = {
			isa = PBXGroup;
			children = (
				85824C551CACD0070073D41E /* AppDelegate.h */,
				85824C561CACD0070073D41E /* AppDelegate.m */,
				85824C581CACD0070073D41E /* ViewController.h */,
				85824C591CACD0070073D41E /* ViewController.m */,
				85824C5B1CACD0070073D41E /* Main.storyboard */,
				85824C5E1CACD0070073D41E /* Assets.xcassets */,
				85824C601CACD0070073D41E /* LaunchScreen.storyboard */,
				85824C631CACD0070073D41E /* Info.plist */,
				85824C521CACD0070073D41E /* Supporting Files */,
			);
			path = OLTableView;
			sourceTree = "<group>";
		};
		85824C521CACD0070073D41E /* Supporting Files */ = {
			isa = PBXGroup;
			children = (
				85824C531CACD0070073D41E /* main.m */,
			);
			name = "Supporting Files";
			sourceTree = "<group>";
		};
		85824C6B1CACD0070073D41E /* OLTableViewTests */ = {
			isa = PBXGroup;
			children = (
				85824C6C1CACD0070073D41E /* OLTableViewTests.m */,
				85824C6E1CACD0070073D41E /* Info.plist */,
			);
			path = OLTableViewTests;
			sourceTree = "<group>";
		};
		85824C761CACD0070073D41E /* OLTableViewUITests */ = {
			isa = PBXGroup;
			children = (
				85824C771CACD0070073D41E /* OLTableViewUITests.m */,
				85824C791CACD0070073D41E /* Info.plist */,
			);
			path = OLTableViewUITests;
			sourceTree = "<group>";
		};
/* End PBXGroup section */

/* Begin PBXNativeTarget section */
		85824C4E1CACD0070073D41E /* OLTableView */ = {
			isa = PBXNativeTarget;
			buildConfigurationList = 85824C7C1CACD0070073D41E /* Build configuration list for PBXNativeTarget "OLTableView" */;
			buildPhases = (
				85824C4B1CACD0070073D41E /* Sources */,
				85824C4C1CACD0070073D41E /* Frameworks */,
				85824C4D1CACD0070073D41E /* Resources */,
			);
			buildRules = (
			);
			dependencies = (
			);
			name = OLTableView;
			productName = OLTableView;
			productReference = 85824C4F1CACD0070073D41E /* OLTableView.app */;
			productType = "com.apple.product-type.application";
		};
		85824C671CACD0070073D41E /* OLTableViewTests */ = {
			isa = PBXNativeTarget;
			buildConfigurationList = 85824C7F1CACD0070073D41E /* Build configuration list for PBXNativeTarget "OLTableViewTests" */;
			buildPhases = (
				85824C641CACD0070073D41E /* Sources */,
				85824C651CACD0070073D41E /* Frameworks */,
				85824C661CACD0070073D41E /* Resources */,
			);
			buildRules = (
			);
			dependencies = (
				85824C6A1CACD0070073D41E /* PBXTargetDependency */,
			);
			name = OLTableViewTests;
			productName = OLTableViewTests;
			productReference = 85824C681CACD0070073D41E /* OLTableViewTests.xctest */;
			productType = "com.apple.product-type.bundle.unit-test";
		};
		85824C721CACD0070073D41E /* OLTableViewUITests */ = {
			isa = PBXNativeTarget;
			buildConfigurationList = 85824C821CACD0070073D41E /* Build configuration list for PBXNativeTarget "OLTableViewUITests" */;
			buildPhases = (
				85824C6F1CACD0070073D41E /* Sources */,
				85824C701CACD0070073D41E /* Frameworks */,
				85824C711CACD0070073D41E /* Resources */,
			);
			buildRules = (
			);
			dependencies = (
				85824C751CACD0070073D41E /* PBXTargetDependency */,
			);
			name = OLTableViewUITests;
			productName = OLTableViewUITests;
			productReference = 85824C731CACD0070073D41E /* OLTableViewUITests.xctest */;
			productType = "com.apple.product-type.bundle.ui-testing";
		};
/* End PBXNativeTarget section */

/* Begin PBXProject section */
		85824C471CACD0070073D41E /* Project object */ = {
			isa = PBXProject;
			attributes = {
				LastUpgradeCheck = 0730;
				ORGANIZATIONNAME = olive;
				TargetAttributes = {
					85824C4E1CACD0070073D41E = {
						CreatedOnToolsVersion = 7.3;
						DevelopmentTeam = JWPKJFHGAU;
					};
					85824C671CACD0070073D41E = {
						CreatedOnToolsVersion = 7.3;
						TestTargetID = 85824C4E1CACD0070073D41E;
					};
					85824C721CACD0070073D41E = {
						CreatedOnToolsVersion = 7.3;
						TestTargetID = 85824C4E1CACD0070073D41E;
					};
				};
			};
			buildConfigurationList = 85824C4A1CACD0070073D41E /* Build configuration list for PBXProject "OLTableView" */;
			compatibilityVersion = "Xcode 3.2";
			developmentRegion = English;
			hasScannedForEncodings = 0;
			knownRegions = (
				en,
				Base,
			);
			mainGroup = 85824C461CACD0070073D41E;
			productRefGroup = 85824C501CACD0070073D41E /* Products */;
			projectDirPath = "";
			projectRoot = "";
			targets = (
				85824C4E1CACD0070073D41E /* OLTableView */,
				85824C671CACD0070073D41E /* OLTableViewTests */,
				85824C721CACD0070073D41E /* OLTableViewUITests */,
			);
		};
/* End PBXProject section */

/* Begin PBXResourcesBuildPhase section */
		85824C4D1CACD0070073D41E /* Resources */ = {
			isa = PBXResourcesBuildPhase;
			buildActionMask = 2147483647;
			files = (
				85824C621CACD0070073D41E /* LaunchScreen.storyboard in Resources */,
				85824C5F1CACD0070073D41E /* Assets.xcassets in Resources */,
				85824C5D1CACD0070073D41E /* Main.storyboard in Resources */,
			);
			runOnlyForDeploymentPostprocessing = 0;
		};
		85824C661CACD0070073D41E /* Resources */ = {
			isa = PBXResourcesBuildPhase;
			buildActionMask = 2147483647;
			files = (
			);
			runOnlyForDeploymentPostprocessing = 0;
		};
		85824C711CACD0070073D41E /* Resources */ = {
			isa = PBXResourcesBuildPhase;
			buildActionMask = 2147483647;
			files = (
			);
			runOnlyForDeploymentPostprocessing = 0;
		};
/* End PBXResourcesBuildPhase section */

/* Begin PBXSourcesBuildPhase section */
		85824C4B1CACD0070073D41E /* Sources */ = {
			isa = PBXSourcesBuildPhase;
			buildActionMask = 2147483647;
			files = (
				85824C5A1CACD0070073D41E /* ViewController.m in Sources */,
				85824C571CACD0070073D41E /* AppDelegate.m in Sources */,
				85824C541CACD0070073D41E /* main.m in Sources */,
			);
			runOnlyForDeploymentPostprocessing = 0;
		};
		85824C641CACD0070073D41E /* Sources */ = {
			isa = PBXSourcesBuildPhase;
			buildActionMask = 2147483647;
			files = (
				85824C6D1CACD0070073D41E /* OLTableViewTests.m in Sources */,
			);
			runOnlyForDeploymentPostprocessing = 0;
		};
		85824C6F1CACD0070073D41E /* Sources */ = {
			isa = PBXSourcesBuildPhase;
			buildActionMask = 2147483647;
			files = (
				85824C781CACD0070073D41E /* OLTableViewUITests.m in Sources */,
			);
			runOnlyForDeploymentPostprocessing = 0;
		};
/* End PBXSourcesBuildPhase section */

/* Begin PBXTargetDependency section */
		85824C6A1CACD0070073D41E /* PBXTargetDependency */ = {
			isa = PBXTargetDependency;
			target = 85824C4E1CACD0070073D41E /* OLTableView */;
			targetProxy = 85824C691CACD0070073D41E /* PBXContainerItemProxy */;
		};
		85824C751CACD0070073D41E /* PBXTargetDependency */ = {
			isa = PBXTargetDependency;
			target = 85824C4E1CACD0070073D41E /* OLTableView */;
			targetProxy = 85824C741CACD0070073D41E /* PBXContainerItemProxy */;
		};
/* End PBXTargetDependency section */

/* Begin PBXVariantGroup section */
		85824C5B1CACD0070073D41E /* Main.storyboard */ = {
			isa = PBXVariantGroup;
			children = (
				85824C5C1CACD0070073D41E /* Base */,
			);
			name = Main.storyboard;
			sourceTree = "<group>";
		};
		85824C601CACD0070073D41E /* LaunchScreen.storyboard */ = {
			isa = PBXVariantGroup;
			children = (
				85824C611CACD0070073D41E /* Base */,
			);
			name = LaunchScreen.storyboard;
			sourceTree = "<group>";
		};
/* End PBXVariantGroup section */

/* Begin XCBuildConfiguration section */
		85824C7A1CACD0070073D41E /* Debug */ = {
			isa = XCBuildConfiguration;
			buildSettings = {
				ALWAYS_SEARCH_USER_PATHS = NO;
				CLANG_ANALYZER_NONNULL = YES;
				CLANG_CXX_LANGUAGE_STANDARD = "gnu++0x";
				CLANG_CXX_LIBRARY = "libc++";
				CLANG_ENABLE_MODULES = YES;
				CLANG_ENABLE_OBJC_ARC = YES;
				CLANG_WARN_BOOL_CONVERSION = YES;
				CLANG_WARN_CONSTANT_CONVERSION = YES;
				CLANG_WARN_DIRECT_OBJC_ISA_USAGE = YES_ERROR;
				CLANG_WARN_EMPTY_BODY = YES;
				CLANG_WARN_ENUM_CONVERSION = YES;
				CLANG_WARN_INT_CONVERSION = YES;
				CLANG_WARN_OBJC_ROOT_CLASS = YES_ERROR;
				CLANG_WARN_UNREACHABLE_CODE = YES;
				CLANG_WARN__DUPLICATE_METHOD_MATCH = YES;
				"CODE_SIGN_IDENTITY[sdk=iphoneos*]" = "iPhone Developer";
				COPY_PHASE_STRIP = NO;
				DEBUG_INFORMATION_FORMAT = dwarf;
				ENABLE_STRICT_OBJC_MSGSEND = YES;
				ENABLE_TESTABILITY = YES;
				GCC_C_LANGUAGE_STANDARD = gnu99;
				GCC_DYNAMIC_NO_PIC = NO;
				GCC_NO_COMMON_BLOCKS = YES;
				GCC_OPTIMIZATION_LEVEL = 0;
				GCC_PREPROCESSOR_DEFINITIONS = (
					"DEBUG=1",
					"$(inherited)",
				);
				GCC_WARN_64_TO_32_BIT_CONVERSION = YES;
				GCC_WARN_ABOUT_RETURN_TYPE = YES_ERROR;
				GCC_WARN_UNDECLARED_SELECTOR = YES;
				GCC_WARN_UNINITIALIZED_AUTOS = YES_AGGRESSIVE;
				GCC_WARN_UNUSED_FUNCTION = YES;
				GCC_WARN_UNUSED_VARIABLE = YES;
				IPHONEOS_DEPLOYMENT_TARGET = 9.3;
				MTL_ENABLE_DEBUG_INFO = YES;
				ONLY_ACTIVE_ARCH = YES;
				SDKROOT = iphoneos;
				TARGETED_DEVICE_FAMILY = "1,2";
			};
			name = Debug;
		};
		85824C7B1CACD0070073D41E /* Release */ = {
			isa = XCBuildConfiguration;
			buildSettings = {
				ALWAYS_SEARCH_USER_PATHS = NO;
				CLANG_ANALYZER_NONNULL = YES;
				CLANG_CXX_LANGUAGE_STANDARD = "gnu++0x";
				CLANG_CXX_LIBRARY = "libc++";
				CLANG_ENABLE_MODULES = YES;
				CLANG_ENABLE_OBJC_ARC = YES;
				CLANG_WARN_BOOL_CONVERSION = YES;
				CLANG_WARN_CONSTANT_CONVERSION = YES;
				CLANG_WARN_DIRECT_OBJC_ISA_USAGE = YES_ERROR;
				CLANG_WARN_EMPTY_BODY = YES;
				CLANG_WARN_ENUM_CONVERSION = YES;
				CLANG_WARN_INT_CONVERSION = YES;
				CLANG_WARN_OBJC_ROOT_CLASS = YES_ERROR;
				CLANG_WARN_UNREACHABLE_CODE = YES;
				CLANG_WARN__DUPLICATE_METHOD_MATCH = YES;
				"CODE_SIGN_IDENTITY[sdk=iphoneos*]" = "iPhone Developer";
				COPY_PHASE_STRIP = NO;
				DEBUG_INFORMATION_FORMAT = "dwarf-with-dsym";
				ENABLE_NS_ASSERTIONS = NO;
				ENABLE_STRICT_OBJC_MSGSEND = YES;
				GCC_C_LANGUAGE_STANDARD = gnu99;
				GCC_NO_COMMON_BLOCKS = YES;
				GCC_WARN_64_TO_32_BIT_CONVERSION = YES;
				GCC_WARN_ABOUT_RETURN_TYPE = YES_ERROR;
				GCC_WARN_UNDECLARED_SELECTOR = YES;
				GCC_WARN_UNINITIALIZED_AUTOS = YES_AGGRESSIVE;
				GCC_WARN_UNUSED_FUNCTION = YES;
				GCC_WARN_UNUSED_VARIABLE = YES;
				IPHONEOS_DEPLOYMENT_TARGET = 9.3;
				MTL_ENABLE_DEBUG_INFO = NO;
				SDKROOT = iphoneos;
				TARGETED_DEVICE_FAMILY = "1,2";
				VALIDATE_PRODUCT = YES;
			};
			name = Release;
		};
		85824C7D1CACD0070073D41E /* Debug */ = {
			isa = XCBuildConfiguration;
			buildSettings = {
				ASSETCATALOG_COMPILER_APPICON_NAME = AppIcon;
				DEVELOPMENT_TEAM = JWPKJFHGAU;
				INFOPLIST_FILE = OLTableView/Info.plist;
				LD_RUNPATH_SEARCH_PATHS = "$(inherited) @executable_path/Frameworks";
				PRODUCT_BUNDLE_IDENTIFIER = com.mugua.OLTableView;
				PRODUCT_NAME = "$(TARGET_NAME)";
				TARGETED_DEVICE_FAMILY = 1;
			};
			name = Debug;
		};
		85824C7E1CACD0070073D41E /* Release */ = {
			isa = XCBuildConfiguration;
			buildSettings = {
				ASSETCATALOG_COMPILER_APPICON_NAME = AppIcon;
				DEVELOPMENT_TEAM = JWPKJFHGAU;
				INFOPLIST_FILE = OLTableView/Info.plist;
				LD_RUNPATH_SEARCH_PATHS = "$(inherited) @executable_path/Frameworks";
				PRODUCT_BUNDLE_IDENTIFIER = com.mugua.OLTableView;
				PRODUCT_NAME = "$(TARGET_NAME)";
				TARGETED_DEVICE_FAMILY = 1;
			};
			name = Release;
		};
		85824C801CACD0070073D41E /* Debug */ = {
			isa = XCBuildConfiguration;
			buildSettings = {
				BUNDLE_LOADER = "$(TEST_HOST)";
				INFOPLIST_FILE = OLTableViewTests/Info.plist;
				LD_RUNPATH_SEARCH_PATHS = "$(inherited) @executable_path/Frameworks @loader_path/Frameworks";
				PRODUCT_BUNDLE_IDENTIFIER = com.mugua.OLTableViewTests;
				PRODUCT_NAME = "$(TARGET_NAME)";
				TEST_HOST = "$(BUILT_PRODUCTS_DIR)/OLTableView.app/OLTableView";
			};
			name = Debug;
		};
		85824C811CACD0070073D41E /* Release */ = {
			isa = XCBuildConfiguration;
			buildSettings = {
				BUNDLE_LOADER = "$(TEST_HOST)";
				INFOPLIST_FILE = OLTableViewTests/Info.plist;
				LD_RUNPATH_SEARCH_PATHS = "$(inherited) @executable_path/Frameworks @loader_path/Frameworks";
				PRODUCT_BUNDLE_IDENTIFIER = com.mugua.OLTableViewTests;
				PRODUCT_NAME = "$(TARGET_NAME)";
				TEST_HOST = "$(BUILT_PRODUCTS_DIR)/OLTableView.app/OLTableView";
			};
			name = Release;
		};
		85824C831CACD0070073D41E /* Debug */ = {
			isa = XCBuildConfiguration;
			buildSettings = {
				INFOPLIST_FILE = OLTableViewUITests/Info.plist;
				LD_RUNPATH_SEARCH_PATHS = "$(inherited) @executable_path/Frameworks @loader_path/Frameworks";
				PRODUCT_BUNDLE_IDENTIFIER = com.mugua.OLTableViewUITests;
				PRODUCT_NAME = "$(TARGET_NAME)";
				TEST_TARGET_NAME = OLTableView;
			};
			name = Debug;
		};
		85824C841CACD0070073D41E /* Release */ = {
			isa = XCBuildConfiguration;
			buildSettings = {
				INFOPLIST_FILE = OLTableViewUITests/Info.plist;
				LD_RUNPATH_SEARCH_PATHS = "$(inherited) @executable_path/Frameworks @loader_path/Frameworks";
				PRODUCT_BUNDLE_IDENTIFIER = com.mugua.OLTableViewUITests;
				PRODUCT_NAME = "$(TARGET_NAME)";
				TEST_TARGET_NAME = OLTableView;
			};
			name = Release;
		};
/* End XCBuildConfiguration section */

/* Begin XCConfigurationList section */
		85824C4A1CACD0070073D41E /* Build configuration list for PBXProject "OLTableView" */ = {
			isa = XCConfigurationList;
			buildConfigurations = (
				85824C7A1CACD0070073D41E /* Debug */,
				85824C7B1CACD0070073D41E /* Release */,
			);
			defaultConfigurationIsVisible = 0;
			defaultConfigurationName = Release;
		};
		85824C7C1CACD0070073D41E /* Build configuration list for PBXNativeTarget "OLTableView" */ = {
			isa = XCConfigurationList;
			buildConfigurations = (
				85824C7D1CACD0070073D41E /* Debug */,
				85824C7E1CACD0070073D41E /* Release */,
			);
			defaultConfigurationIsVisible = 0;
			defaultConfigurationName = Release;
		};
		85824C7F1CACD0070073D41E /* Build configuration list for PBXNativeTarget "OLTableViewTests" */ = {
			isa = XCConfigurationList;
			buildConfigurations = (
				85824C801CACD0070073D41E /* Debug */,
				85824C811CACD0070073D41E /* Release */,
			);
			defaultConfigurationIsVisible = 0;
			defaultConfigurationName = Release;
		};
		85824C821CACD0070073D41E /* Build configuration list for PBXNativeTarget "OLTableViewUITests" */ = {
			isa = XCConfigurationList;
			buildConfigurations = (
				85824C831CACD0070073D41E /* Debug */,
				85824C841CACD0070073D41E /* Release */,
			);
			defaultConfigurationIsVisible = 0;
			defaultConfigurationName = Release;
		};
/* End XCConfigurationList section */
	};
	rootObject = 85824C471CACD0070073D41E /* Project object */;
}
